
Microsoft Visual Studio Solution File, Format Version 12.00
# Visual Studio Version 17
VisualStudioVersion = 17.2.32616.157
MinimumVisualStudioVersion = 10.0.40219.1
Project("{FAE04EC0-301F-11D3-BF4B-00C04F79EFBC}") = "systemcmd", "systemcmd\systemcmd.csproj", "{CC3A98B8-A98D-4708-AD3C-8C55B258C582}"
EndProject
Global
	GlobalSection(SolutionConfigurationPlatforms) = preSolution
		Debug|Any CPU = Debug|Any CPU
		Release|Any CPU = Release|Any CPU
	EndGlobalSection
	GlobalSection(ProjectConfigurationPlatforms) = postSolution
		{CC3A98B8-A98D-4708-AD3C-8C55B258C582}.Debug|Any CPU.ActiveCfg = Debug|Any CPU
		{CC3A98B8-A98D-4708-AD3C-8C55B258C582}.Debug|Any CPU.Build.0 = Debug|Any CPU
		{CC3A98B8-A98D-4708-AD3C-8C55B258C582}.Release|Any CPU.ActiveCfg = Release|Any CPU
		{CC3A98B8-A98D-4708-AD3C-8C55B258C582}.Release|Any CPU.Build.0 = Release|Any CPU
	EndGlobalSection
	GlobalSection(SolutionProperties) = preSolution
		HideSolutionNode = FALSE
	EndGlobalSection
	GlobalSection(ExtensibilityGlobals) = postSolution
		SolutionGuid = {13242C87-99DC-4ABB-8422-BE549A0D05BE}
	EndGlobalSection
EndGlobal
